
Microsoft Visual Studio Solution File, Format Version 12.00
# Visual Studio Version 17
VisualStudioVersion = 17.9.34310.174
MinimumVisualStudioVersion = 10.0.40219.1
Project("{FAE04EC0-301F-11D3-BF4B-00C04F79EFBC}") = "RealEstate.API", "RealEstate.API\RealEstate.API.csproj", "{2346D64B-90EE-4206-BB22-A26C625B74A2}"
EndProject
Project("{FAE04EC0-301F-11D3-BF4B-00C04F79EFBC}") = "RealEstate.WEB", "RealEstate.WEB\RealEstate.WEB.csproj", "{91D59077-8B7B-4B10-B751-B8369CFF1D22}"
EndProject
Global
	GlobalSection(SolutionConfigurationPlatforms) = preSolution
		Debug|Any CPU = Debug|Any CPU
		Release|Any CPU = Release|Any CPU
	EndGlobalSection
	GlobalSection(ProjectConfigurationPlatforms) = postSolution
		{2346D64B-90EE-4206-BB22-A26C625B74A2}.Debug|Any CPU.ActiveCfg = Debug|Any CPU
		{2346D64B-90EE-4206-BB22-A26C625B74A2}.Debug|Any CPU.Build.0 = Debug|Any CPU
		{2346D64B-90EE-4206-BB22-A26C625B74A2}.Release|Any CPU.ActiveCfg = Release|Any CPU
		{2346D64B-90EE-4206-BB22-A26C625B74A2}.Release|Any CPU.Build.0 = Release|Any CPU
		{91D59077-8B7B-4B10-B751-B8369CFF1D22}.Debug|Any CPU.ActiveCfg = Debug|Any CPU
		{91D59077-8B7B-4B10-B751-B8369CFF1D22}.Debug|Any CPU.Build.0 = Debug|Any CPU
		{91D59077-8B7B-4B10-B751-B8369CFF1D22}.Release|Any CPU.ActiveCfg = Release|Any CPU
		{91D59077-8B7B-4B10-B751-B8369CFF1D22}.Release|Any CPU.Build.0 = Release|Any CPU
	EndGlobalSection
	GlobalSection(SolutionProperties) = preSolution
		HideSolutionNode = FALSE
	EndGlobalSection
	GlobalSection(ExtensibilityGlobals) = postSolution
		SolutionGuid = {26EC1FE2-0436-4D13-8878-B8D3FB887B1B}
	EndGlobalSection
EndGlobal
